
Microsoft Visual Studio Solution File, Format Version 12.00
# Visual Studio Version 17
VisualStudioVersion = 17.8.34525.116
MinimumVisualStudioVersion = 10.0.40219.1
Project("{FAE04EC0-301F-11D3-BF4B-00C04F79EFBC}") = "CompanyManagement.API", "CompanyManagement.API\CompanyManagement.API.csproj", "{A16B4797-9BA3-4645-A471-9D0EA2F5E12E}"
EndProject
Project("{FAE04EC0-301F-11D3-BF4B-00C04F79EFBC}") = "CompanyManagement.Domain", "CompanyManagement.Domain\CompanyManagement.Domain.csproj", "{D07E21F1-9EBF-41B6-9C87-CD6FF560C941}"
EndProject
Project("{FAE04EC0-301F-11D3-BF4B-00C04F79EFBC}") = "CompanyManagement.DataAccess", "CompanyManagement.DataAccess\CompanyManagement.DataAccess.csproj", "{763F03AA-66DE-4DEC-BFB5-378DA353112E}"
EndProject
Global
	GlobalSection(SolutionConfigurationPlatforms) = preSolution
		Debug|Any CPU = Debug|Any CPU
		Release|Any CPU = Release|Any CPU
	EndGlobalSection
	GlobalSection(ProjectConfigurationPlatforms) = postSolution
		{A16B4797-9BA3-4645-A471-9D0EA2F5E12E}.Debug|Any CPU.ActiveCfg = Debug|Any CPU
		{A16B4797-9BA3-4645-A471-9D0EA2F5E12E}.Debug|Any CPU.Build.0 = Debug|Any CPU
		{A16B4797-9BA3-4645-A471-9D0EA2F5E12E}.Release|Any CPU.ActiveCfg = Release|Any CPU
		{A16B4797-9BA3-4645-A471-9D0EA2F5E12E}.Release|Any CPU.Build.0 = Release|Any CPU
		{D07E21F1-9EBF-41B6-9C87-CD6FF560C941}.Debug|Any CPU.ActiveCfg = Debug|Any CPU
		{D07E21F1-9EBF-41B6-9C87-CD6FF560C941}.Debug|Any CPU.Build.0 = Debug|Any CPU
		{D07E21F1-9EBF-41B6-9C87-CD6FF560C941}.Release|Any CPU.ActiveCfg = Release|Any CPU
		{D07E21F1-9EBF-41B6-9C87-CD6FF560C941}.Release|Any CPU.Build.0 = Release|Any CPU
		{763F03AA-66DE-4DEC-BFB5-378DA353112E}.Debug|Any CPU.ActiveCfg = Debug|Any CPU
		{763F03AA-66DE-4DEC-BFB5-378DA353112E}.Debug|Any CPU.Build.0 = Debug|Any CPU
		{763F03AA-66DE-4DEC-BFB5-378DA353112E}.Release|Any CPU.ActiveCfg = Release|Any CPU
		{763F03AA-66DE-4DEC-BFB5-378DA353112E}.Release|Any CPU.Build.0 = Release|Any CPU
	EndGlobalSection
	GlobalSection(SolutionProperties) = preSolution
		HideSolutionNode = FALSE
	EndGlobalSection
	GlobalSection(ExtensibilityGlobals) = postSolution
		SolutionGuid = {129BF0EA-FCF8-418F-A78F-5D9FE3B628D2}
	EndGlobalSection
EndGlobal
